github.com/mandykoh/go-parallel v0.1.0 h1:7vJMNMC4dsbgZdkAb2A8tV5ENY1v7VxIO1wzQWZoT8k=
github.com/mandykoh/go-parallel v0.1.0/go.mod h1:lkYHqG1JNTaSS6lG+PgFCnyMd2VDy8pH9jN9pY899ig=
golang.org/x/image v0.0.0-20200801110659-972c09e46d76 h1:U7GPaoQyQmX+CBRWXKrvRzWTbd+slqeSh8uARsIyhAw=
golang.org/x/image v0.0.0-20200801110659-972c09e46d76/go.mod h1:FeLwcggjj3mMvU+oOTbSwawSJRM1uh48EjtB4UJZlP0=
golang.org/x/text v0.3.0/go.mod h1:NqM8EUOU14njkJ3fqMW+pc6Ldnwhi/IjpwHt7yyuwOQ=
